// !$*UTF8*$!
{
	archiveVersion = 1;
	classes = {
	};
	objectVersion = 46;
	objects = {

/* Begin PBXBuildFile section */
		8288AF6E1F05426900A8FC66 /* AppDelegate.swift in Sources */ = {isa = PBXBuildFile; fileRef = 8288AF6D1F05426900A8FC66 /* AppDelegate.swift */; };
		8288AF701F05426900A8FC66 /* ViewController.swift in Sources */ = {isa = PBXBuildFile; fileRef = 8288AF6F1F05426900A8FC66 /* ViewController.swift */; };
		8288AF731F05426900A8FC66 /* Main.storyboard in Resources */ = {isa = PBXBuildFile; fileRef = 8288AF711F05426900A8FC66 /* Main.storyboard */; };
		8288AF751F05426900A8FC66 /* Assets.xcassets in Resources */ = {isa = PBXBuildFile; fileRef = 8288AF741F05426900A8FC66 /* Assets.xcassets */; };
		8288AF781F05426900A8FC66 /* LaunchScreen.storyboard in Resources */ = {isa = PBXBuildFile; fileRef = 8288AF761F05426900A8FC66 /* LaunchScreen.storyboard */; };
		8288AF831F05426A00A8FC66 /* DestroyTheWorldTests.swift in Sources */ = {isa = PBXBuildFile; fileRef = 8288AF821F05426A00A8FC66 /* DestroyTheWorldTests.swift */; };
/* End PBXBuildFile section */

/* Begin PBXContainerItemProxy section */
		8288AF7F1F05426A00A8FC66 /* PBXContainerItemProxy */ = {
			isa = PBXContainerItemProxy;
			containerPortal = 8288AF621F05426900A8FC66 /* Project object */;
			proxyType = 1;
			remoteGlobalIDString = 8288AF691F05426900A8FC66;
			remoteInfo = DestroyTheWorld;
		};
/* End PBXContainerItemProxy section */

/* Begin PBXFileReference section */
		8288AF6A1F05426900A8FC66 /* DestroyTheWorld.app */ = {isa = PBXFileReference; explicitFileType = wrapper.application; includeInIndex = 0; path = DestroyTheWorld.app; sourceTree = BUILT_PRODUCTS_DIR; };
		8288AF6D1F05426900A8FC66 /* AppDelegate.swift */ = {isa = PBXFileReference; lastKnownFileType = sourcecode.swift; path = AppDelegate.swift; sourceTree = "<group>"; };
		8288AF6F1F05426900A8FC66 /* ViewController.swift */ = {isa = PBXFileReference; lastKnownFileType = sourcecode.swift; path = ViewController.swift; sourceTree = "<group>"; };
		8288AF721F05426900A8FC66 /* Base */ = {isa = PBXFileReference; lastKnownFileType = file.storyboard; name = Base; path = Base.lproj/Main.storyboard; sourceTree = "<group>"; };
		8288AF741F05426900A8FC66 /* Assets.xcassets */ = {isa = PBXFileReference; lastKnownFileType = folder.assetcatalog; path = Assets.xcassets; sourceTree = "<group>"; };
		8288AF771F05426900A8FC66 /* Base */ = {isa = PBXFileReference; lastKnownFileType = file.storyboard; name = Base; path = Base.lproj/LaunchScreen.storyboard; sourceTree = "<group>"; };
		8288AF791F05426900A8FC66 /* Info.plist */ = {isa = PBXFileReference; lastKnownFileType = text.plist.xml; path = Info.plist; sourceTree = "<group>"; };
		8288AF7E1F05426A00A8FC66 /* DestroyTheWorldTests.xctest */ = {isa = PBXFileReference; explicitFileType = wrapper.cfbundle; includeInIndex = 0; path = DestroyTheWorldTests.xctest; sourceTree = BUILT_PRODUCTS_DIR; };
		8288AF821F05426A00A8FC66 /* DestroyTheWorldTests.swift */ = {isa = PBXFileReference; lastKnownFileType = sourcecode.swift; path = DestroyTheWorldTests.swift; sourceTree = "<group>"; };
		8288AF841F05426A00A8FC66 /* Info.plist */ = {isa = PBXFileReference; lastKnownFileType = text.plist.xml; path = Info.plist; sourceTree = "<group>"; };
/* End PBXFileReference section */

/* Begin PBXFrameworksBuildPhase section */
		8288AF671F05426900A8FC66 /* Frameworks */ = {
			isa = PBXFrameworksBuildPhase;
			buildActionMask = 2147483647;
			files = (
			);
			runOnlyForDeploymentPostprocessing = 0;
		};
		8288AF7B1F05426A00A8FC66 /* Frameworks */ = {
			isa = PBXFrameworksBuildPhase;
			buildActionMask = 2147483647;
			files = (
			);
			runOnlyForDeploymentPostprocessing = 0;
		};
/* End PBXFrameworksBuildPhase section */

/* Begin PBXGroup section */
		8288AF611F05426900A8FC66 = {
			isa = PBXGroup;
			children = (
				8288AF6C1F05426900A8FC66 /* DestroyTheWorld */,
				8288AF811F05426A00A8FC66 /* DestroyTheWorldTests */,
				8288AF6B1F05426900A8FC66 /* Products */,
			);
			sourceTree = "<group>";
		};
		8288AF6B1F05426900A8FC66 /* Products */ = {
			isa = PBXGroup;
			children = (
				8288AF6A1F05426900A8FC66 /* DestroyTheWorld.app */,
				8288AF7E1F05426A00A8FC66 /* DestroyTheWorldTests.xctest */,
			);
			name = Products;
			sourceTree = "<group>";
		};
		8288AF6C1F05426900A8FC66 /* DestroyTheWorld */ = {
			isa = PBXGroup;
			children = (
				8288AF6D1F05426900A8FC66 /* AppDelegate.swift */,
				8288AF6F1F05426900A8FC66 /* ViewController.swift */,
				8288AF711F05426900A8FC66 /* Main.storyboard */,
				8288AF741F05426900A8FC66 /* Assets.xcassets */,
				8288AF761F05426900A8FC66 /* LaunchScreen.storyboard */,
				8288AF791F05426900A8FC66 /* Info.plist */,
			);
			path = DestroyTheWorld;
			sourceTree = "<group>";
		};
		8288AF811F05426A00A8FC66 /* DestroyTheWorldTests */ = {
			isa = PBXGroup;
			children = (
				8288AF821F05426A00A8FC66 /* DestroyTheWorldTests.swift */,
				8288AF841F05426A00A8FC66 /* Info.plist */,
			);
			path = DestroyTheWorldTests;
			sourceTree = "<group>";
		};
/* End PBXGroup section */

/* Begin PBXNativeTarget section */
		8288AF691F05426900A8FC66 /* DestroyTheWorld */ = {
			isa = PBXNativeTarget;
			buildConfigurationList = 8288AF871F05426A00A8FC66 /* Build configuration list for PBXNativeTarget "DestroyTheWorld" */;
			buildPhases = (
				8288AF661F05426900A8FC66 /* Sources */,
				8288AF671F05426900A8FC66 /* Frameworks */,
				8288AF681F05426900A8FC66 /* Resources */,
			);
			buildRules = (
			);
			dependencies = (
			);
			name = DestroyTheWorld;
			productName = DestroyTheWorld;
			productReference = 8288AF6A1F05426900A8FC66 /* DestroyTheWorld.app */;
			productType = "com.apple.product-type.application";
		};
		8288AF7D1F05426A00A8FC66 /* DestroyTheWorldTests */ = {
			isa = PBXNativeTarget;
			buildConfigurationList = 8288AF8A1F05426A00A8FC66 /* Build configuration list for PBXNativeTarget "DestroyTheWorldTests" */;
			buildPhases = (
				8288AF7A1F05426A00A8FC66 /* Sources */,
				8288AF7B1F05426A00A8FC66 /* Frameworks */,
				8288AF7C1F05426A00A8FC66 /* Resources */,
			);
			buildRules = (
			);
			dependencies = (
				8288AF801F05426A00A8FC66 /* PBXTargetDependency */,
			);
			name = DestroyTheWorldTests;
			productName = DestroyTheWorldTests;
			productReference = 8288AF7E1F05426A00A8FC66 /* DestroyTheWorldTests.xctest */;
			productType = "com.apple.product-type.bundle.unit-test";
		};
/* End PBXNativeTarget section */

/* Begin PBXProject section */
		8288AF621F05426900A8FC66 /* Project object */ = {
			isa = PBXProject;
			attributes = {
				LastSwiftUpdateCheck = 0830;
				LastUpgradeCheck = 0830;
				ORGANIZATIONNAME = "Ankit Vyas";
				TargetAttributes = {
					8288AF691F05426900A8FC66 = {
						CreatedOnToolsVersion = 8.3.1;
						DevelopmentTeam = 27KRJ3F74B;
						ProvisioningStyle = Automatic;
					};
					8288AF7D1F05426A00A8FC66 = {
						CreatedOnToolsVersion = 8.3.1;
						DevelopmentTeam = 27KRJ3F74B;
						ProvisioningStyle = Automatic;
						TestTargetID = 8288AF691F05426900A8FC66;
					};
				};
			};
			buildConfigurationList = 8288AF651F05426900A8FC66 /* Build configuration list for PBXProject "DestroyTheWorld" */;
			compatibilityVersion = "Xcode 3.2";
			developmentRegion = English;
			hasScannedForEncodings = 0;
			knownRegions = (
				en,
				Base,
			);
			mainGroup = 8288AF611F05426900A8FC66;
			productRefGroup = 8288AF6B1F05426900A8FC66 /* Products */;
			projectDirPath = "";
			projectRoot = "";
			targets = (
				8288AF691F05426900A8FC66 /* DestroyTheWorld */,
				8288AF7D1F05426A00A8FC66 /* DestroyTheWorldTests */,
			);
		};
/* End PBXProject section */

/* Begin PBXResourcesBuildPhase section */
		8288AF681F05426900A8FC66 /* Resources */ = {
			isa = PBXResourcesBuildPhase;
			buildActionMask = 2147483647;
			files = (
				8288AF781F05426900A8FC66 /* LaunchScreen.storyboard in Resources */,
				8288AF751F05426900A8FC66 /* Assets.xcassets in Resources */,
				8288AF731F05426900A8FC66 /* Main.storyboard in Resources */,
			);
			runOnlyForDeploymentPostprocessing = 0;
		};
		8288AF7C1F05426A00A8FC66 /* Resources */ = {
			isa = PBXResourcesBuildPhase;
			buildActionMask = 2147483647;
			files = (
			);
			runOnlyForDeploymentPostprocessing = 0;
		};
/* End PBXResourcesBuildPhase section */

/* Begin PBXSourcesBuildPhase section */
		8288AF661F05426900A8FC66 /* Sources */ = {
			isa = PBXSourcesBuildPhase;
			buildActionMask = 2147483647;
			files = (
				8288AF701F05426900A8FC66 /* ViewController.swift in Sources */,
				8288AF6E1F05426900A8FC66 /* AppDelegate.swift in Sources */,
			);
			runOnlyForDeploymentPostprocessing = 0;
		};
		8288AF7A1F05426A00A8FC66 /* Sources */ = {
			isa = PBXSourcesBuildPhase;
			buildActionMask = 2147483647;
			files = (
				8288AF831F05426A00A8FC66 /* DestroyTheWorldTests.swift in Sources */,
			);
			runOnlyForDeploymentPostprocessing = 0;
		};
/* End PBXSourcesBuildPhase section */

/* Begin PBXTargetDependency section */
		8288AF801F05426A00A8FC66 /* PBXTargetDependency */ = {
			isa = PBXTargetDependency;
			target = 8288AF691F05426900A8FC66 /* DestroyTheWorld */;
			targetProxy = 8288AF7F1F05426A00A8FC66 /* PBXContainerItemProxy */;
		};
/* End PBXTargetDependency section */

/* Begin PBXVariantGroup section */
		8288AF711F05426900A8FC66 /* Main.storyboard */ = {
			isa = PBXVariantGroup;
			children = (
				8288AF721F05426900A8FC66 /* Base */,
			);
			name = Main.storyboard;
			sourceTree = "<group>";
		};
		8288AF761F05426900A8FC66 /* LaunchScreen.storyboard */ = {
			isa = PBXVariantGroup;
			children = (
				8288AF771F05426900A8FC66 /* Base */,
			);
			name = LaunchScreen.storyboard;
			sourceTree = "<group>";
		};
/* End PBXVariantGroup section */

/* Begin XCBuildConfiguration section */
		8288AF851F05426A00A8FC66 /* Debug */ = {
			isa = XCBuildConfiguration;
			buildSettings = {
				ALWAYS_SEARCH_USER_PATHS = NO;
				CLANG_ANALYZER_NONNULL = YES;
				CLANG_ANALYZER_NUMBER_OBJECT_CONVERSION = YES_AGGRESSIVE;
				CLANG_CXX_LANGUAGE_STANDARD = "gnu++0x";
				CLANG_CXX_LIBRARY = "libc++";
				CLANG_ENABLE_MODULES = YES;
				CLANG_ENABLE_OBJC_ARC = YES;
				CLANG_WARN_BOOL_CONVERSION = YES;
				CLANG_WARN_CONSTANT_CONVERSION = YES;
				CLANG_WARN_DIRECT_OBJC_ISA_USAGE = YES_ERROR;
				CLANG_WARN_DOCUMENTATION_COMMENTS = YES;
				CLANG_WARN_EMPTY_BODY = YES;
				CLANG_WARN_ENUM_CONVERSION = YES;
				CLANG_WARN_INFINITE_RECURSION = YES;
				CLANG_WARN_INT_CONVERSION = YES;
				CLANG_WARN_OBJC_ROOT_CLASS = YES_ERROR;
				CLANG_WARN_SUSPICIOUS_MOVE = YES;
				CLANG_WARN_UNREACHABLE_CODE = YES;
				CLANG_WARN__DUPLICATE_METHOD_MATCH = YES;
				"CODE_SIGN_IDENTITY[sdk=iphoneos*]" = "iPhone Developer";
				COPY_PHASE_STRIP = NO;
				DEBUG_INFORMATION_FORMAT = dwarf;
				ENABLE_STRICT_OBJC_MSGSEND = YES;
				ENABLE_TESTABILITY = YES;
				GCC_C_LANGUAGE_STANDARD = gnu99;
				GCC_DYNAMIC_NO_PIC = NO;
				GCC_NO_COMMON_BLOCKS = YES;
				GCC_OPTIMIZATION_LEVEL = 0;
				GCC_PREPROCESSOR_DEFINITIONS = (
					"DEBUG=1",
					"$(inherited)",
				);
				GCC_WARN_64_TO_32_BIT_CONVERSION = YES;
				GCC_WARN_ABOUT_RETURN_TYPE = YES_ERROR;
				GCC_WARN_UNDECLARED_SELECTOR = YES;
				GCC_WARN_UNINITIALIZED_AUTOS = YES_AGGRESSIVE;
				GCC_WARN_UNUSED_FUNCTION = YES;
				GCC_WARN_UNUSED_VARIABLE = YES;
				IPHONEOS_DEPLOYMENT_TARGET = 10.3;
				MTL_ENABLE_DEBUG_INFO = YES;
				ONLY_ACTIVE_ARCH = YES;
				SDKROOT = iphoneos;
				SWIFT_ACTIVE_COMPILATION_CONDITIONS = DEBUG;
				SWIFT_OPTIMIZATION_LEVEL = "-Onone";
			};
			name = Debug;
		};
		8288AF861F05426A00A8FC66 /* Release */ = {
			isa = XCBuildConfiguration;
			buildSettings = {
				ALWAYS_SEARCH_USER_PATHS = NO;
				CLANG_ANALYZER_NONNULL = YES;
				CLANG_ANALYZER_NUMBER_OBJECT_CONVERSION = YES_AGGRESSIVE;
				CLANG_CXX_LANGUAGE_STANDARD = "gnu++0x";
				CLANG_CXX_LIBRARY = "libc++";
				CLANG_ENABLE_MODULES = YES;
				CLANG_ENABLE_OBJC_ARC = YES;
				CLANG_WARN_BOOL_CONVERSION = YES;
				CLANG_WARN_CONSTANT_CONVERSION = YES;
				CLANG_WARN_DIRECT_OBJC_ISA_USAGE = YES_ERROR;
				CLANG_WARN_DOCUMENTATION_COMMENTS = YES;
				CLANG_WARN_EMPTY_BODY = YES;
				CLANG_WARN_ENUM_CONVERSION = YES;
				CLANG_WARN_INFINITE_RECURSION = YES;
				CLANG_WARN_INT_CONVERSION = YES;
				CLANG_WARN_OBJC_ROOT_CLASS = YES_ERROR;
				CLANG_WARN_SUSPICIOUS_MOVE = YES;
				CLANG_WARN_UNREACHABLE_CODE = YES;
				CLANG_WARN__DUPLICATE_METHOD_MATCH = YES;
				"CODE_SIGN_IDENTITY[sdk=iphoneos*]" = "iPhone Developer";
				COPY_PHASE_STRIP = NO;
				DEBUG_INFORMATION_FORMAT = "dwarf-with-dsym";
				ENABLE_NS_ASSERTIONS = NO;
				ENABLE_STRICT_OBJC_MSGSEND = YES;
				GCC_C_LANGUAGE_STANDARD = gnu99;
				GCC_NO_COMMON_BLOCKS = YES;
				GCC_WARN_64_TO_32_BIT_CONVERSION = YES;
				GCC_WARN_ABOUT_RETURN_TYPE = YES_ERROR;
				GCC_WARN_UNDECLARED_SELECTOR = YES;
				GCC_WARN_UNINITIALIZED_AUTOS = YES_AGGRESSIVE;
				GCC_WARN_UNUSED_FUNCTION = YES;
				GCC_WARN_UNUSED_VARIABLE = YES;
				IPHONEOS_DEPLOYMENT_TARGET = 10.3;
				MTL_ENABLE_DEBUG_INFO = NO;
				SDKROOT = iphoneos;
				SWIFT_OPTIMIZATION_LEVEL = "-Owholemodule";
				VALIDATE_PRODUCT = YES;
			};
			name = Release;
		};
		8288AF881F05426A00A8FC66 /* Debug */ = {
			isa = XCBuildConfiguration;
			buildSettings = {
				ASSETCATALOG_COMPILER_APPICON_NAME = AppIcon;
				DEVELOPMENT_TEAM = 27KRJ3F74B;
				INFOPLIST_FILE = DestroyTheWorld/Info.plist;
				LD_RUNPATH_SEARCH_PATHS = "$(inherited) @executable_path/Frameworks";
				PRODUCT_BUNDLE_IDENTIFIER = com.altimetrik.filmFest.DestroyTheWorld;
				PRODUCT_NAME = "$(TARGET_NAME)";
				SWIFT_VERSION = 3.0;
			};
			name = Debug;
		};
		8288AF891F05426A00A8FC66 /* Release */ = {
			isa = XCBuildConfiguration;
			buildSettings = {
				ASSETCATALOG_COMPILER_APPICON_NAME = AppIcon;
				DEVELOPMENT_TEAM = 27KRJ3F74B;
				INFOPLIST_FILE = DestroyTheWorld/Info.plist;
				LD_RUNPATH_SEARCH_PATHS = "$(inherited) @executable_path/Frameworks";
				PRODUCT_BUNDLE_IDENTIFIER = com.altimetrik.filmFest.DestroyTheWorld;
				PRODUCT_NAME = "$(TARGET_NAME)";
				SWIFT_VERSION = 3.0;
			};
			name = Release;
		};
		8288AF8B1F05426A00A8FC66 /* Debug */ = {
			isa = XCBuildConfiguration;
			buildSettings = {
				ALWAYS_EMBED_SWIFT_STANDARD_LIBRARIES = YES;
				BUNDLE_LOADER = "$(TEST_HOST)";
				DEVELOPMENT_TEAM = 27KRJ3F74B;
				INFOPLIST_FILE = DestroyTheWorldTests/Info.plist;
				LD_RUNPATH_SEARCH_PATHS = "$(inherited) @executable_path/Frameworks @loader_path/Frameworks";
				PRODUCT_BUNDLE_IDENTIFIER = com.altimetrik.filmFest.DestroyTheWorldTests;
				PRODUCT_NAME = "$(TARGET_NAME)";
				SWIFT_VERSION = 3.0;
				TEST_HOST = "$(BUILT_PRODUCTS_DIR)/DestroyTheWorld.app/DestroyTheWorld";
			};
			name = Debug;
		};
		8288AF8C1F05426A00A8FC66 /* Release */ = {
			isa = XCBuildConfiguration;
			buildSettings = {
				ALWAYS_EMBED_SWIFT_STANDARD_LIBRARIES = YES;
				BUNDLE_LOADER = "$(TEST_HOST)";
				DEVELOPMENT_TEAM = 27KRJ3F74B;
				INFOPLIST_FILE = DestroyTheWorldTests/Info.plist;
				LD_RUNPATH_SEARCH_PATHS = "$(inherited) @executable_path/Frameworks @loader_path/Frameworks";
				PRODUCT_BUNDLE_IDENTIFIER = com.altimetrik.filmFest.DestroyTheWorldTests;
				PRODUCT_NAME = "$(TARGET_NAME)";
				SWIFT_VERSION = 3.0;
				TEST_HOST = "$(BUILT_PRODUCTS_DIR)/DestroyTheWorld.app/DestroyTheWorld";
			};
			name = Release;
		};
/* End XCBuildConfiguration section */

/* Begin XCConfigurationList section */
		8288AF651F05426900A8FC66 /* Build configuration list for PBXProject "DestroyTheWorld" */ = {
			isa = XCConfigurationList;
			buildConfigurations = (
				8288AF851F05426A00A8FC66 /* Debug */,
				8288AF861F05426A00A8FC66 /* Release */,
			);
			defaultConfigurationIsVisible = 0;
			defaultConfigurationName = Release;
		};
		8288AF871F05426A00A8FC66 /* Build configuration list for PBXNativeTarget "DestroyTheWorld" */ = {
			isa = XCConfigurationList;
			buildConfigurations = (
				8288AF881F05426A00A8FC66 /* Debug */,
				8288AF891F05426A00A8FC66 /* Release */,
			);
			defaultConfigurationIsVisible = 0;
		};
		8288AF8A1F05426A00A8FC66 /* Build configuration list for PBXNativeTarget "DestroyTheWorldTests" */ = {
			isa = XCConfigurationList;
			buildConfigurations = (
				8288AF8B1F05426A00A8FC66 /* Debug */,
				8288AF8C1F05426A00A8FC66 /* Release */,
			);
			defaultConfigurationIsVisible = 0;
		};
/* End XCConfigurationList section */
	};
	rootObject = 8288AF621F05426900A8FC66 /* Project object */;
}
